github.com/google/go-cmp v0.7.0 h1:wk8382ETsv4JYUZwIsn6YpYiWiBsYLSJiTsyBybVuN8=
github.com/google/go-cmp v0.7.0/go.mod h1:pXiqmnSA92OHEEa9HXL2W4E7lf9JzCmGVUdgjX3N/iU=
github.com/kmikiy/go-icloud-private-relay v0.0.0-20211201094143-871998bd9426 h1:mZE/78z1bx8AzhgymbtrTKf24iYk9Ruib2qzcqjBBVU=
github.com/kmikiy/go-icloud-private-relay v0.0.0-20211201094143-871998bd9426/go.mod h1:/YHXToDecD+uC79BJhhHvjgzva/jbbaBd5TJ2ZGnJvg=
github.com/kmikiy/go-icloud-private-relay v0.0.0-20250522182812-b533e2f5d957 h1:+NH12zpvw4BmaVlZOB+o3Vmn6EysH/txE8CEyyj5tAQ=
github.com/kmikiy/go-icloud-private-relay v0.0.0-20250522182812-b533e2f5d957/go.mod h1:/YHXToDecD+uC79BJhhHvjgzva/jbbaBd5TJ2ZGnJvg=
